PODS:
  - Flutter (1.0.0)
  - integration_test (0.0.1):
    - Flutter
  - neoleap_flutter_sdk (0.0.1):
    - Flutter

DEPENDENCIES:
  - Flutter (from `Flutter`)
  - integration_test (from `.symlinks/plugins/integration_test/ios`)
  - neoleap_flutter_sdk (from `.symlinks/plugins/neoleap_flutter_sdk/ios`)

EXTERNAL SOURCES:
  Flutter:
    :path: Flutter
  integration_test:
    :path: ".symlinks/plugins/integration_test/ios"
  neoleap_flutter_sdk:
    :path: ".symlinks/plugins/neoleap_flutter_sdk/ios"

SPEC CHECKSUMS:
  Flutter: e0871f40cf51350855a761d2e70bf5af5b9b5de7
  integration_test: 13825b8a9334a850581300559b8839134b124670
  neoleap_flutter_sdk: 5ae71f88d093af7b224d4f9efaef863510c46d42

PODFILE CHECKSUM: 819463e6a0290f5a72f145ba7cde16e8b6ef0796

COCOAPODS: 1.14.3
