PODS:
  - Flutter (1.0.0)
  - integration_test (0.0.1):
    - Flutter
  - neoleap_flutter_sdk (0.0.1):
    - Flutter

DEPENDENCIES:
  - Flutter (from `Flutter`)
  - integration_test (from `.symlinks/plugins/integration_test/ios`)
  - neoleap_flutter_sdk (from `.symlinks/plugins/neoleap_flutter_sdk/ios`)

EXTERNAL SOURCES:
  Flutter:
    :path: Flutter
  integration_test:
    :path: ".symlinks/plugins/integration_test/ios"
  neoleap_flutter_sdk:
    :path: ".symlinks/plugins/neoleap_flutter_sdk/ios"

SPEC CHECKSUMS:
  Flutter: e0871f40cf51350855a761d2e70bf5af5b9b5de7
  integration_test: 13825b8a9334a850581300559b8839134b124670
  neoleap_flutter_sdk: d8f5374f385f14d8b0577ae1659aca4a3464506c

PODFILE CHECKSUM: 3329296b9900af65c1b769388f14e86b62f01087

COCOAPODS: 1.14.3
